
Microsoft Visual Studio Solution File, Format Version 12.00
# Visual Studio 2013
VisualStudioVersion = 12.0.31101.0
MinimumVisualStudioVersion = 10.0.40219.1
Project("{FAE04EC0-301F-11D3-BF4B-00C04F79EFBC}") = "Elfar.Mail", "Elfar.Mail\Elfar.Mail.csproj", "{BF71C600-5B96-42C7-B1CD-CB9FCC411049}"
EndProject
Project("{FAE04EC0-301F-11D3-BF4B-00C04F79EFBC}") = "Elfar", "Elfar\Elfar.csproj", "{41B3A539-7A37-48FA-AF45-C214C3BBE6B0}"
EndProject
Project("{FAE04EC0-301F-11D3-BF4B-00C04F79EFBC}") = "Elfar.WebApi.Host", "Elfar.WebApi.Host\Elfar.WebApi.Host.csproj", "{F894D471-4328-4503-B0DC-91203EB56621}"
EndProject
Project("{FAE04EC0-301F-11D3-BF4B-00C04F79EFBC}") = "Elfar.SignalR", "Elfar.SignalR\Elfar.SignalR.csproj", "{AF7E74E3-B70F-493C-91E4-839A9CE07929}"
EndProject
Project("{2150E333-8FDC-42A3-9474-1A3956D46DE8}") = ".nuget", ".nuget", "{44359B28-9DA6-458A-90B3-8B197C7F8C07}"
	ProjectSection(SolutionItems) = preProject
		.nuget\NuGet.Config = .nuget\NuGet.Config
		.nuget\NuGet.exe = .nuget\NuGet.exe
		.nuget\NuGet.targets = .nuget\NuGet.targets
	EndProjectSection
EndProject
Project("{FAE04EC0-301F-11D3-BF4B-00C04F79EFBC}") = "Elfar.Data", "Elfar.Data\Elfar.Data.csproj", "{0F38C418-F77B-473F-949E-81854091A364}"
EndProject
Project("{2150E333-8FDC-42A3-9474-1A3956D46DE8}") = "Testing", "Testing", "{AB067325-8584-4D24-ADA9-C54C37683996}"
EndProject
Project("{FAE04EC0-301F-11D3-BF4B-00C04F79EFBC}") = "Elfar.Tests", "Elfar.Tests\Elfar.Tests.csproj", "{E1CD9E2F-5E5B-4437-B124-20CEFE5FC91C}"
EndProject
Project("{FAE04EC0-301F-11D3-BF4B-00C04F79EFBC}") = "Elfar.Tests.UI", "Elfar.Tests.UI\Elfar.Tests.UI.csproj", "{A00C7893-6A44-4A03-A6A6-8E97966D8605}"
EndProject
Project("{2150E333-8FDC-42A3-9474-1A3956D46DE8}") = "Providers", "Providers", "{4017D361-5027-454A-BCE2-34130CE1647E}"
EndProject
Project("{2150E333-8FDC-42A3-9474-1A3956D46DE8}") = "Plugins", "Plugins", "{BB61C097-BEBA-4102-88C3-2D3085EC0F38}"
EndProject
Project("{FAE04EC0-301F-11D3-BF4B-00C04F79EFBC}") = "Elfar.Web.Mvc", "Elfar.Web.Mvc\Elfar.Web.Mvc.csproj", "{7C6FCD11-4C1A-46E8-8587-E2639628E5C4}"
EndProject
Project("{FAE04EC0-301F-11D3-BF4B-00C04F79EFBC}") = "Elfar.Web.Http", "Elfar.Web.Http\Elfar.Web.Http.csproj", "{67FC3686-AD3F-44C1-93B9-C86A43BE378B}"
EndProject
Project("{FAE04EC0-301F-11D3-BF4B-00C04F79EFBC}") = "Elfar.Json", "Elfar.Json\Elfar.Json.csproj", "{4A6BDF79-506F-4E6B-9313-1F2AA32E3745}"
EndProject
Global
	GlobalSection(SolutionConfigurationPlatforms) = preSolution
		Debug|Any CPU = Debug|Any CPU
		Debug|Mixed Platforms = Debug|Mixed Platforms
		Debug|x86 = Debug|x86
		Release|Any CPU = Release|Any CPU
		Release|Mixed Platforms = Release|Mixed Platforms
		Release|x86 = Release|x86
	EndGlobalSection
	GlobalSection(ProjectConfigurationPlatforms) = postSolution
		{BF71C600-5B96-42C7-B1CD-CB9FCC411049}.Debug|Any CPU.ActiveCfg = Debug|Any CPU
		{BF71C600-5B96-42C7-B1CD-CB9FCC411049}.Debug|Any CPU.Build.0 = Debug|Any CPU
		{BF71C600-5B96-42C7-B1CD-CB9FCC411049}.Debug|Mixed Platforms.ActiveCfg = Debug|Any CPU
		{BF71C600-5B96-42C7-B1CD-CB9FCC411049}.Debug|Mixed Platforms.Build.0 = Debug|Any CPU
		{BF71C600-5B96-42C7-B1CD-CB9FCC411049}.Debug|x86.ActiveCfg = Debug|Any CPU
		{BF71C600-5B96-42C7-B1CD-CB9FCC411049}.Release|Any CPU.ActiveCfg = Release|Any CPU
		{BF71C600-5B96-42C7-B1CD-CB9FCC411049}.Release|Any CPU.Build.0 = Release|Any CPU
		{BF71C600-5B96-42C7-B1CD-CB9FCC411049}.Release|Mixed Platforms.ActiveCfg = Release|Any CPU
		{BF71C600-5B96-42C7-B1CD-CB9FCC411049}.Release|Mixed Platforms.Build.0 = Release|Any CPU
		{BF71C600-5B96-42C7-B1CD-CB9FCC411049}.Release|x86.ActiveCfg = Release|Any CPU
		{41B3A539-7A37-48FA-AF45-C214C3BBE6B0}.Debug|Any CPU.ActiveCfg = Debug|Any CPU
		{41B3A539-7A37-48FA-AF45-C214C3BBE6B0}.Debug|Any CPU.Build.0 = Debug|Any CPU
		{41B3A539-7A37-48FA-AF45-C214C3BBE6B0}.Debug|Mixed Platforms.ActiveCfg = Debug|Any CPU
		{41B3A539-7A37-48FA-AF45-C214C3BBE6B0}.Debug|Mixed Platforms.Build.0 = Debug|Any CPU
		{41B3A539-7A37-48FA-AF45-C214C3BBE6B0}.Debug|x86.ActiveCfg = Debug|Any CPU
		{41B3A539-7A37-48FA-AF45-C214C3BBE6B0}.Release|Any CPU.ActiveCfg = Release|Any CPU
		{41B3A539-7A37-48FA-AF45-C214C3BBE6B0}.Release|Any CPU.Build.0 = Release|Any CPU
		{41B3A539-7A37-48FA-AF45-C214C3BBE6B0}.Release|Mixed Platforms.ActiveCfg = Release|Any CPU
		{41B3A539-7A37-48FA-AF45-C214C3BBE6B0}.Release|Mixed Platforms.Build.0 = Release|Any CPU
		{41B3A539-7A37-48FA-AF45-C214C3BBE6B0}.Release|x86.ActiveCfg = Release|Any CPU
		{F894D471-4328-4503-B0DC-91203EB56621}.Debug|Any CPU.ActiveCfg = Debug|Any CPU
		{F894D471-4328-4503-B0DC-91203EB56621}.Debug|Any CPU.Build.0 = Debug|Any CPU
		{F894D471-4328-4503-B0DC-91203EB56621}.Debug|Mixed Platforms.ActiveCfg = Debug|Any CPU
		{F894D471-4328-4503-B0DC-91203EB56621}.Debug|Mixed Platforms.Build.0 = Debug|Any CPU
		{F894D471-4328-4503-B0DC-91203EB56621}.Debug|x86.ActiveCfg = Debug|Any CPU
		{F894D471-4328-4503-B0DC-91203EB56621}.Release|Any CPU.ActiveCfg = Release|Any CPU
		{F894D471-4328-4503-B0DC-91203EB56621}.Release|Any CPU.Build.0 = Release|Any CPU
		{F894D471-4328-4503-B0DC-91203EB56621}.Release|Mixed Platforms.ActiveCfg = Release|Any CPU
		{F894D471-4328-4503-B0DC-91203EB56621}.Release|Mixed Platforms.Build.0 = Release|Any CPU
		{F894D471-4328-4503-B0DC-91203EB56621}.Release|x86.ActiveCfg = Release|Any CPU
		{AF7E74E3-B70F-493C-91E4-839A9CE07929}.Debug|Any CPU.ActiveCfg = Debug|Any CPU
		{AF7E74E3-B70F-493C-91E4-839A9CE07929}.Debug|Any CPU.Build.0 = Debug|Any CPU
		{AF7E74E3-B70F-493C-91E4-839A9CE07929}.Debug|Mixed Platforms.ActiveCfg = Debug|Any CPU
		{AF7E74E3-B70F-493C-91E4-839A9CE07929}.Debug|Mixed Platforms.Build.0 = Debug|Any CPU
		{AF7E74E3-B70F-493C-91E4-839A9CE07929}.Debug|x86.ActiveCfg = Debug|Any CPU
		{AF7E74E3-B70F-493C-91E4-839A9CE07929}.Release|Any CPU.ActiveCfg = Release|Any CPU
		{AF7E74E3-B70F-493C-91E4-839A9CE07929}.Release|Any CPU.Build.0 = Release|Any CPU
		{AF7E74E3-B70F-493C-91E4-839A9CE07929}.Release|Mixed Platforms.ActiveCfg = Release|Any CPU
		{AF7E74E3-B70F-493C-91E4-839A9CE07929}.Release|Mixed Platforms.Build.0 = Release|Any CPU
		{AF7E74E3-B70F-493C-91E4-839A9CE07929}.Release|x86.ActiveCfg = Release|Any CPU
		{0F38C418-F77B-473F-949E-81854091A364}.Debug|Any CPU.ActiveCfg = Debug|Any CPU
		{0F38C418-F77B-473F-949E-81854091A364}.Debug|Any CPU.Build.0 = Debug|Any CPU
		{0F38C418-F77B-473F-949E-81854091A364}.Debug|Mixed Platforms.ActiveCfg = Debug|Any CPU
		{0F38C418-F77B-473F-949E-81854091A364}.Debug|Mixed Platforms.Build.0 = Debug|Any CPU
		{0F38C418-F77B-473F-949E-81854091A364}.Debug|x86.ActiveCfg = Debug|Any CPU
		{0F38C418-F77B-473F-949E-81854091A364}.Release|Any CPU.ActiveCfg = Release|Any CPU
		{0F38C418-F77B-473F-949E-81854091A364}.Release|Any CPU.Build.0 = Release|Any CPU
		{0F38C418-F77B-473F-949E-81854091A364}.Release|Mixed Platforms.ActiveCfg = Release|Any CPU
		{0F38C418-F77B-473F-949E-81854091A364}.Release|Mixed Platforms.Build.0 = Release|Any CPU
		{0F38C418-F77B-473F-949E-81854091A364}.Release|x86.ActiveCfg = Release|Any CPU
		{E1CD9E2F-5E5B-4437-B124-20CEFE5FC91C}.Debug|Any CPU.ActiveCfg = Debug|Any CPU
		{E1CD9E2F-5E5B-4437-B124-20CEFE5FC91C}.Debug|Any CPU.Build.0 = Debug|Any CPU
		{E1CD9E2F-5E5B-4437-B124-20CEFE5FC91C}.Debug|Mixed Platforms.ActiveCfg = Debug|Any CPU
		{E1CD9E2F-5E5B-4437-B124-20CEFE5FC91C}.Debug|Mixed Platforms.Build.0 = Debug|Any CPU
		{E1CD9E2F-5E5B-4437-B124-20CEFE5FC91C}.Debug|x86.ActiveCfg = Debug|Any CPU
		{E1CD9E2F-5E5B-4437-B124-20CEFE5FC91C}.Release|Any CPU.ActiveCfg = Release|Any CPU
		{E1CD9E2F-5E5B-4437-B124-20CEFE5FC91C}.Release|Any CPU.Build.0 = Release|Any CPU
		{E1CD9E2F-5E5B-4437-B124-20CEFE5FC91C}.Release|Mixed Platforms.ActiveCfg = Release|Any CPU
		{E1CD9E2F-5E5B-4437-B124-20CEFE5FC91C}.Release|Mixed Platforms.Build.0 = Release|Any CPU
		{E1CD9E2F-5E5B-4437-B124-20CEFE5FC91C}.Release|x86.ActiveCfg = Release|Any CPU
		{A00C7893-6A44-4A03-A6A6-8E97966D8605}.Debug|Any CPU.ActiveCfg = Debug|Any CPU
		{A00C7893-6A44-4A03-A6A6-8E97966D8605}.Debug|Any CPU.Build.0 = Debug|Any CPU
		{A00C7893-6A44-4A03-A6A6-8E97966D8605}.Debug|Mixed Platforms.ActiveCfg = Debug|Any CPU
		{A00C7893-6A44-4A03-A6A6-8E97966D8605}.Debug|Mixed Platforms.Build.0 = Debug|Any CPU
		{A00C7893-6A44-4A03-A6A6-8E97966D8605}.Debug|x86.ActiveCfg = Debug|Any CPU
		{A00C7893-6A44-4A03-A6A6-8E97966D8605}.Release|Any CPU.ActiveCfg = Release|Any CPU
		{A00C7893-6A44-4A03-A6A6-8E97966D8605}.Release|Any CPU.Build.0 = Release|Any CPU
		{A00C7893-6A44-4A03-A6A6-8E97966D8605}.Release|Mixed Platforms.ActiveCfg = Release|Any CPU
		{A00C7893-6A44-4A03-A6A6-8E97966D8605}.Release|Mixed Platforms.Build.0 = Release|Any CPU
		{A00C7893-6A44-4A03-A6A6-8E97966D8605}.Release|x86.ActiveCfg = Release|Any CPU
		{7C6FCD11-4C1A-46E8-8587-E2639628E5C4}.Debug|Any CPU.ActiveCfg = Debug|Any CPU
		{7C6FCD11-4C1A-46E8-8587-E2639628E5C4}.Debug|Any CPU.Build.0 = Debug|Any CPU
		{7C6FCD11-4C1A-46E8-8587-E2639628E5C4}.Debug|Mixed Platforms.ActiveCfg = Debug|Any CPU
		{7C6FCD11-4C1A-46E8-8587-E2639628E5C4}.Debug|Mixed Platforms.Build.0 = Debug|Any CPU
		{7C6FCD11-4C1A-46E8-8587-E2639628E5C4}.Debug|x86.ActiveCfg = Debug|Any CPU
		{7C6FCD11-4C1A-46E8-8587-E2639628E5C4}.Release|Any CPU.ActiveCfg = Release|Any CPU
		{7C6FCD11-4C1A-46E8-8587-E2639628E5C4}.Release|Any CPU.Build.0 = Release|Any CPU
		{7C6FCD11-4C1A-46E8-8587-E2639628E5C4}.Release|Mixed Platforms.ActiveCfg = Release|Any CPU
		{7C6FCD11-4C1A-46E8-8587-E2639628E5C4}.Release|Mixed Platforms.Build.0 = Release|Any CPU
		{7C6FCD11-4C1A-46E8-8587-E2639628E5C4}.Release|x86.ActiveCfg = Release|Any CPU
		{67FC3686-AD3F-44C1-93B9-C86A43BE378B}.Debug|Any CPU.ActiveCfg = Debug|Any CPU
		{67FC3686-AD3F-44C1-93B9-C86A43BE378B}.Debug|Any CPU.Build.0 = Debug|Any CPU
		{67FC3686-AD3F-44C1-93B9-C86A43BE378B}.Debug|Mixed Platforms.ActiveCfg = Debug|Any CPU
		{67FC3686-AD3F-44C1-93B9-C86A43BE378B}.Debug|Mixed Platforms.Build.0 = Debug|Any CPU
		{67FC3686-AD3F-44C1-93B9-C86A43BE378B}.Debug|x86.ActiveCfg = Debug|Any CPU
		{67FC3686-AD3F-44C1-93B9-C86A43BE378B}.Release|Any CPU.ActiveCfg = Release|Any CPU
		{67FC3686-AD3F-44C1-93B9-C86A43BE378B}.Release|Any CPU.Build.0 = Release|Any CPU
		{67FC3686-AD3F-44C1-93B9-C86A43BE378B}.Release|Mixed Platforms.ActiveCfg = Release|Any CPU
		{67FC3686-AD3F-44C1-93B9-C86A43BE378B}.Release|Mixed Platforms.Build.0 = Release|Any CPU
		{67FC3686-AD3F-44C1-93B9-C86A43BE378B}.Release|x86.ActiveCfg = Release|Any CPU
		{4A6BDF79-506F-4E6B-9313-1F2AA32E3745}.Debug|Any CPU.ActiveCfg = Debug|Any CPU
		{4A6BDF79-506F-4E6B-9313-1F2AA32E3745}.Debug|Any CPU.Build.0 = Debug|Any CPU
		{4A6BDF79-506F-4E6B-9313-1F2AA32E3745}.Debug|Mixed Platforms.ActiveCfg = Debug|Any CPU
		{4A6BDF79-506F-4E6B-9313-1F2AA32E3745}.Debug|Mixed Platforms.Build.0 = Debug|Any CPU
		{4A6BDF79-506F-4E6B-9313-1F2AA32E3745}.Debug|x86.ActiveCfg = Debug|Any CPU
		{4A6BDF79-506F-4E6B-9313-1F2AA32E3745}.Release|Any CPU.ActiveCfg = Release|Any CPU
		{4A6BDF79-506F-4E6B-9313-1F2AA32E3745}.Release|Any CPU.Build.0 = Release|Any CPU
		{4A6BDF79-506F-4E6B-9313-1F2AA32E3745}.Release|Mixed Platforms.ActiveCfg = Release|Any CPU
		{4A6BDF79-506F-4E6B-9313-1F2AA32E3745}.Release|Mixed Platforms.Build.0 = Release|Any CPU
		{4A6BDF79-506F-4E6B-9313-1F2AA32E3745}.Release|x86.ActiveCfg = Release|Any CPU
	EndGlobalSection
	GlobalSection(SolutionProperties) = preSolution
		HideSolutionNode = FALSE
	EndGlobalSection
	GlobalSection(NestedProjects) = preSolution
		{BF71C600-5B96-42C7-B1CD-CB9FCC411049} = {BB61C097-BEBA-4102-88C3-2D3085EC0F38}
		{F894D471-4328-4503-B0DC-91203EB56621} = {AB067325-8584-4D24-ADA9-C54C37683996}
		{AF7E74E3-B70F-493C-91E4-839A9CE07929} = {BB61C097-BEBA-4102-88C3-2D3085EC0F38}
		{0F38C418-F77B-473F-949E-81854091A364} = {4017D361-5027-454A-BCE2-34130CE1647E}
		{E1CD9E2F-5E5B-4437-B124-20CEFE5FC91C} = {AB067325-8584-4D24-ADA9-C54C37683996}
		{A00C7893-6A44-4A03-A6A6-8E97966D8605} = {AB067325-8584-4D24-ADA9-C54C37683996}
		{4A6BDF79-506F-4E6B-9313-1F2AA32E3745} = {4017D361-5027-454A-BCE2-34130CE1647E}
	EndGlobalSection
EndGlobal
